{
  "version": 4,
  "terraform_version": "1.12.1",
  "serial": 7,
  "lineage": "012abe99-b56b-cf5d-12e1-4c8632189993",
  "outputs": {},
  "resources": [
    {
      "mode": "managed",
      "type": "github_repository",
      "name": "github_repo",
      "provider": "provider[\"registry.terraform.io/integrations/github\"]",
      "instances": [
        {
          "schema_version": 0,
          "attributes": {
            "allow_merge_commit": true,
            "allow_rebase_merge": true,
            "allow_squash_merge": true,
            "archive_on_destroy": null,
            "archived": false,
            "auto_init": null,
            "default_branch": "main",
            "delete_branch_on_merge": false,
            "description": "",
            "etag": "W/\"fcc0e28d1f58990317e87b8820a51c525d2e7e749fa381458f18d917449a9378\"",
            "full_name": "BPatel86/terraform-repo-devops-22-05-2025",
            "git_clone_url": "git://github.com/BPatel86/terraform-repo-devops-22-05-2025.git",
            "gitignore_template": null,
            "has_downloads": false,
            "has_issues": false,
            "has_projects": false,
            "has_wiki": false,
            "homepage_url": "",
            "html_url": "https://github.com/BPatel86/terraform-repo-devops-22-05-2025",
            "http_clone_url": "https://github.com/BPatel86/terraform-repo-devops-22-05-2025.git",
            "id": "terraform-repo-devops-22-05-2025",
            "is_template": false,
            "license_template": null,
            "name": "terraform-repo-devops-22-05-2025",
            "node_id": "R_kgDOOuyvRQ",
            "pages": [],
            "private": true,
            "repo_id": 988589893,
            "ssh_clone_url": "git@github.com:BPatel86/terraform-repo-devops-22-05-2025.git",
            "svn_url": "https://github.com/BPatel86/terraform-repo-devops-22-05-2025",
            "template": [],
            "topics": null,
            "visibility": "private",
            "vulnerability_alerts": false
          },
          "sensitive_attributes": [],
          "identity_schema_version": 0,
          "private": "bnVsbA=="
        }
      ]
    }
  ],
  "check_results": null
}
